
Microsoft Visual Studio Solution File, Format Version 12.00
# Visual Studio Version 17
VisualStudioVersion = 17.2.32630.192
MinimumVisualStudioVersion = 10.0.40219.1
Project("{9A19103F-16F7-4668-BE54-9A1E7A4F7556}") = "WhatsappMessageCounterLibrary", "WhatsappMessageCounterLibrary\WhatsappMessageCounterLibrary.csproj", "{15DE2F7E-0C9D-4994-A64B-A9DCA5F8AD1B}"
EndProject
Project("{FAE04EC0-301F-11D3-BF4B-00C04F79EFBC}") = "MessageCounterTests", "MessageCounterTests\MessageCounterTests.csproj", "{F7FD25E8-98CB-4A27-A163-EE9A45F206B3}"
EndProject
Global
	GlobalSection(SolutionConfigurationPlatforms) = preSolution
		Debug|Any CPU = Debug|Any CPU
		Release|Any CPU = Release|Any CPU
	EndGlobalSection
	GlobalSection(ProjectConfigurationPlatforms) = postSolution
		{15DE2F7E-0C9D-4994-A64B-A9DCA5F8AD1B}.Debug|Any CPU.ActiveCfg = Debug|Any CPU
		{15DE2F7E-0C9D-4994-A64B-A9DCA5F8AD1B}.Debug|Any CPU.Build.0 = Debug|Any CPU
		{15DE2F7E-0C9D-4994-A64B-A9DCA5F8AD1B}.Release|Any CPU.ActiveCfg = Release|Any CPU
		{15DE2F7E-0C9D-4994-A64B-A9DCA5F8AD1B}.Release|Any CPU.Build.0 = Release|Any CPU
		{F7FD25E8-98CB-4A27-A163-EE9A45F206B3}.Debug|Any CPU.ActiveCfg = Debug|Any CPU
		{F7FD25E8-98CB-4A27-A163-EE9A45F206B3}.Debug|Any CPU.Build.0 = Debug|Any CPU
		{F7FD25E8-98CB-4A27-A163-EE9A45F206B3}.Release|Any CPU.ActiveCfg = Release|Any CPU
		{F7FD25E8-98CB-4A27-A163-EE9A45F206B3}.Release|Any CPU.Build.0 = Release|Any CPU
	EndGlobalSection
	GlobalSection(SolutionProperties) = preSolution
		HideSolutionNode = FALSE
	EndGlobalSection
	GlobalSection(ExtensibilityGlobals) = postSolution
		SolutionGuid = {02EEBFEE-3212-4D17-9F2F-E8A8AEC04A1A}
	EndGlobalSection
EndGlobal
